
Microsoft Visual Studio Solution File, Format Version 12.00
# Visual Studio Version 17
VisualStudioVersion = 17.10.35027.167
MinimumVisualStudioVersion = 10.0.40219.1
Project("{9A19103F-16F7-4668-BE54-9A1E7A4F7556}") = "Radials", "Radials.csproj", "{015A96E4-DA23-42B3-908C-D7EFD85C866E}"
EndProject
Project("{FAE04EC0-301F-11D3-BF4B-00C04F79EFBC}") = "Radials.Tests", "..\Radials.Tests\Radials.Tests.csproj", "{6B7180F1-3B17-4BF3-AF80-C96234825C1E}"
EndProject
Global
	GlobalSection(SolutionConfigurationPlatforms) = preSolution
		Debug|Any CPU = Debug|Any CPU
		Release|Any CPU = Release|Any CPU
	EndGlobalSection
	GlobalSection(ProjectConfigurationPlatforms) = postSolution
		{015A96E4-DA23-42B3-908C-D7EFD85C866E}.Debug|Any CPU.ActiveCfg = Debug|Any CPU
		{015A96E4-DA23-42B3-908C-D7EFD85C866E}.Debug|Any CPU.Build.0 = Debug|Any CPU
		{015A96E4-DA23-42B3-908C-D7EFD85C866E}.Release|Any CPU.ActiveCfg = Release|Any CPU
		{015A96E4-DA23-42B3-908C-D7EFD85C866E}.Release|Any CPU.Build.0 = Release|Any CPU
		{6B7180F1-3B17-4BF3-AF80-C96234825C1E}.Debug|Any CPU.ActiveCfg = Debug|Any CPU
		{6B7180F1-3B17-4BF3-AF80-C96234825C1E}.Debug|Any CPU.Build.0 = Debug|Any CPU
		{6B7180F1-3B17-4BF3-AF80-C96234825C1E}.Release|Any CPU.ActiveCfg = Release|Any CPU
		{6B7180F1-3B17-4BF3-AF80-C96234825C1E}.Release|Any CPU.Build.0 = Release|Any CPU
	EndGlobalSection
	GlobalSection(SolutionProperties) = preSolution
		HideSolutionNode = FALSE
	EndGlobalSection
	GlobalSection(ExtensibilityGlobals) = postSolution
		SolutionGuid = {EE3790B7-C16F-4682-BD35-0A7BC6A5844E}
	EndGlobalSection
EndGlobal
